{
  "name": "agentyard-assets",
  "lockfileVersion": 3,
  "requires": true,
  "packages": {
    "": {
      "name": "agentyard-assets",
      "dependencies": {
        "phoenix": "^1.8.14",
        "phoenix_live_view": "^1.2.12"
      }
    },
    "node_modules/phoenix": {
      "version": "1.8.14",
      "resolved": "https://registry.npmjs.org/phoenix/-/phoenix-1.8.14.tgz",
      "integrity": "sha512-erAGbssrbK7xe4l/tWXZTdsstCY+ufGTt/Kdin4uwceaP2TVqSL6v4s3flQOvIxShpwQx2/8NcOcBXOqgQ+ltw==",
      "license": "MIT"
    },
    "node_modules/phoenix_live_view": {
      "version": "1.2.12",
      "resolved": "https://registry.npmjs.org/phoenix_live_view/-/phoenix_live_view-1.2.12.tgz",
      "integrity": "sha512-MmJSXZrqThk4mTzyvxSujzdRj6OHdVf5P5IS+qLPKdquCzHBYC7YXCkltBPCaom4uKS1cBKGahU7fGhU3Vyo4w==",
      "license": "MIT"
    }
  }
}
